// !$*UTF8*$!
{
	archiveVersion = 1;
	classes = {
	};
	objectVersion = 56;
	objects = {

/* Begin PBXBuildFile section */
		C80A1ECD2AF7C679005315CA /* AppDelegate.swift in Sources */ = {isa = PBXBuildFile; fileRef = C80A1ECC2AF7C679005315CA /* AppDelegate.swift */; };
		C80A1ECF2AF7C679005315CA /* SceneDelegate.swift in Sources */ = {isa = PBXBuildFile; fileRef = C80A1ECE2AF7C679005315CA /* SceneDelegate.swift */; };
		C80A1ED12AF7C679005315CA /* ViewController.swift in Sources */ = {isa = PBXBuildFile; fileRef = C80A1ED02AF7C679005315CA /* ViewController.swift */; };
		C80A1ED42AF7C679005315CA /* Main.storyboard in Resources */ = {isa = PBXBuildFile; fileRef = C80A1ED22AF7C679005315CA /* Main.storyboard */; };
		C80A1ED72AF7C679005315CA /* GitHub.xcdatamodeld in Sources */ = {isa = PBXBuildFile; fileRef = C80A1ED52AF7C679005315CA /* GitHub.xcdatamodeld */; };
		C80A1ED92AF7C679005315CA /* Assets.xcassets in Resources */ = {isa = PBXBuildFile; fileRef = C80A1ED82AF7C679005315CA /* Assets.xcassets */; };
		C80A1EDC2AF7C679005315CA /* LaunchScreen.storyboard in Resources */ = {isa = PBXBuildFile; fileRef = C80A1EDA2AF7C679005315CA /* LaunchScreen.storyboard */; };
		C80A1EE72AF7C679005315CA /* GitHubTests.swift in Sources */ = {isa = PBXBuildFile; fileRef = C80A1EE62AF7C679005315CA /* GitHubTests.swift */; };
		C80A1EF12AF7C679005315CA /* GitHubUITests.swift in Sources */ = {isa = PBXBuildFile; fileRef = C80A1EF02AF7C679005315CA /* GitHubUITests.swift */; };
		C80A1EF32AF7C679005315CA /* GitHubUITestsLaunchTests.swift in Sources */ = {isa = PBXBuildFile; fileRef = C80A1EF22AF7C679005315CA /* GitHubUITestsLaunchTests.swift */; };
/* End PBXBuildFile section */

/* Begin PBXContainerItemProxy section */
		C80A1EE32AF7C679005315CA /* PBXContainerItemProxy */ = {
			isa = PBXContainerItemProxy;
			containerPortal = C80A1EC12AF7C679005315CA /* Project object */;
			proxyType = 1;
			remoteGlobalIDString = C80A1EC82AF7C679005315CA;
			remoteInfo = GitHub;
		};
		C80A1EED2AF7C679005315CA /* PBXContainerItemProxy */ = {
			isa = PBXContainerItemProxy;
			containerPortal = C80A1EC12AF7C679005315CA /* Project object */;
			proxyType = 1;
			remoteGlobalIDString = C80A1EC82AF7C679005315CA;
			remoteInfo = GitHub;
		};
/* End PBXContainerItemProxy section */

/* Begin PBXFileReference section */
		C80A1EC92AF7C679005315CA /* GitHub.app */ = {isa = PBXFileReference; explicitFileType = wrapper.application; includeInIndex = 0; path = GitHub.app; sourceTree = BUILT_PRODUCTS_DIR; };
		C80A1ECC2AF7C679005315CA /* AppDelegate.swift */ = {isa = PBXFileReference; lastKnownFileType = sourcecode.swift; path = AppDelegate.swift; sourceTree = "<group>"; };
		C80A1ECE2AF7C679005315CA /* SceneDelegate.swift */ = {isa = PBXFileReference; lastKnownFileType = sourcecode.swift; path = SceneDelegate.swift; sourceTree = "<group>"; };
		C80A1ED02AF7C679005315CA /* ViewController.swift */ = {isa = PBXFileReference; lastKnownFileType = sourcecode.swift; path = ViewController.swift; sourceTree = "<group>"; };
		C80A1ED32AF7C679005315CA /* Base */ = {isa = PBXFileReference; lastKnownFileType = file.storyboard; name = Base; path = Base.lproj/Main.storyboard; sourceTree = "<group>"; };
		C80A1ED62AF7C679005315CA /* GitHub.xcdatamodel */ = {isa = PBXFileReference; lastKnownFileType = wrapper.xcdatamodel; path = GitHub.xcdatamodel; sourceTree = "<group>"; };
		C80A1ED82AF7C679005315CA /* Assets.xcassets */ = {isa = PBXFileReference; lastKnownFileType = folder.assetcatalog; path = Assets.xcassets; sourceTree = "<group>"; };
		C80A1EDB2AF7C679005315CA /* Base */ = {isa = PBXFileReference; lastKnownFileType = file.storyboard; name = Base; path = Base.lproj/LaunchScreen.storyboard; sourceTree = "<group>"; };
		C80A1EDD2AF7C679005315CA /* Info.plist */ = {isa = PBXFileReference; lastKnownFileType = text.plist.xml; path = Info.plist; sourceTree = "<group>"; };
		C80A1EE22AF7C679005315CA /* GitHubTests.xctest */ = {isa = PBXFileReference; explicitFileType = wrapper.cfbundle; includeInIndex = 0; path = GitHubTests.xctest; sourceTree = BUILT_PRODUCTS_DIR; };
		C80A1EE62AF7C679005315CA /* GitHubTests.swift */ = {isa = PBXFileReference; lastKnownFileType = sourcecode.swift; path = GitHubTests.swift; sourceTree = "<group>"; };
		C80A1EEC2AF7C679005315CA /* GitHubUITests.xctest */ = {isa = PBXFileReference; explicitFileType = wrapper.cfbundle; includeInIndex = 0; path = GitHubUITests.xctest; sourceTree = BUILT_PRODUCTS_DIR; };
		C80A1EF02AF7C679005315CA /* GitHubUITests.swift */ = {isa = PBXFileReference; lastKnownFileType = sourcecode.swift; path = GitHubUITests.swift; sourceTree = "<group>"; };
		C80A1EF22AF7C679005315CA /* GitHubUITestsLaunchTests.swift */ = {isa = PBXFileReference; lastKnownFileType = sourcecode.swift; path = GitHubUITestsLaunchTests.swift; sourceTree = "<group>"; };
/* End PBXFileReference section */

/* Begin PBXFrameworksBuildPhase section */
		C80A1EC62AF7C679005315CA /* Frameworks */ = {
			isa = PBXFrameworksBuildPhase;
			buildActionMask = 2147483647;
			files = (
			);
			runOnlyForDeploymentPostprocessing = 0;
		};
		C80A1EDF2AF7C679005315CA /* Frameworks */ = {
			isa = PBXFrameworksBuildPhase;
			buildActionMask = 2147483647;
			files = (
			);
			runOnlyForDeploymentPostprocessing = 0;
		};
		C80A1EE92AF7C679005315CA /* Frameworks */ = {
			isa = PBXFrameworksBuildPhase;
			buildActionMask = 2147483647;
			files = (
			);
			runOnlyForDeploymentPostprocessing = 0;
		};
/* End PBXFrameworksBuildPhase section */

/* Begin PBXGroup section */
		C80A1EC02AF7C679005315CA = {
			isa = PBXGroup;
			children = (
				C80A1ECB2AF7C679005315CA /* GitHub */,
				C80A1EE52AF7C679005315CA /* GitHubTests */,
				C80A1EEF2AF7C679005315CA /* GitHubUITests */,
				C80A1ECA2AF7C679005315CA /* Products */,
			);
			sourceTree = "<group>";
		};
		C80A1ECA2AF7C679005315CA /* Products */ = {
			isa = PBXGroup;
			children = (
				C80A1EC92AF7C679005315CA /* GitHub.app */,
				C80A1EE22AF7C679005315CA /* GitHubTests.xctest */,
				C80A1EEC2AF7C679005315CA /* GitHubUITests.xctest */,
			);
			name = Products;
			sourceTree = "<group>";
		};
		C80A1ECB2AF7C679005315CA /* GitHub */ = {
			isa = PBXGroup;
			children = (
				C80A1ECC2AF7C679005315CA /* AppDelegate.swift */,
				C80A1ECE2AF7C679005315CA /* SceneDelegate.swift */,
				C80A1ED02AF7C679005315CA /* ViewController.swift */,
				C80A1ED22AF7C679005315CA /* Main.storyboard */,
				C80A1ED82AF7C679005315CA /* Assets.xcassets */,
				C80A1EDA2AF7C679005315CA /* LaunchScreen.storyboard */,
				C80A1EDD2AF7C679005315CA /* Info.plist */,
				C80A1ED52AF7C679005315CA /* GitHub.xcdatamodeld */,
			);
			path = GitHub;
			sourceTree = "<group>";
		};
		C80A1EE52AF7C679005315CA /* GitHubTests */ = {
			isa = PBXGroup;
			children = (
				C80A1EE62AF7C679005315CA /* GitHubTests.swift */,
			);
			path = GitHubTests;
			sourceTree = "<group>";
		};
		C80A1EEF2AF7C679005315CA /* GitHubUITests */ = {
			isa = PBXGroup;
			children = (
				C80A1EF02AF7C679005315CA /* GitHubUITests.swift */,
				C80A1EF22AF7C679005315CA /* GitHubUITestsLaunchTests.swift */,
			);
			path = GitHubUITests;
			sourceTree = "<group>";
		};
/* End PBXGroup section */

/* Begin PBXNativeTarget section */
		C80A1EC82AF7C679005315CA /* GitHub */ = {
			isa = PBXNativeTarget;
			buildConfigurationList = C80A1EF62AF7C679005315CA /* Build configuration list for PBXNativeTarget "GitHub" */;
			buildPhases = (
				C80A1EC52AF7C679005315CA /* Sources */,
				C80A1EC62AF7C679005315CA /* Frameworks */,
				C80A1EC72AF7C679005315CA /* Resources */,
			);
			buildRules = (
			);
			dependencies = (
			);
			name = GitHub;
			productName = GitHub;
			productReference = C80A1EC92AF7C679005315CA /* GitHub.app */;
			productType = "com.apple.product-type.application";
		};
		C80A1EE12AF7C679005315CA /* GitHubTests */ = {
			isa = PBXNativeTarget;
			buildConfigurationList = C80A1EF92AF7C679005315CA /* Build configuration list for PBXNativeTarget "GitHubTests" */;
			buildPhases = (
				C80A1EDE2AF7C679005315CA /* Sources */,
				C80A1EDF2AF7C679005315CA /* Frameworks */,
				C80A1EE02AF7C679005315CA /* Resources */,
			);
			buildRules = (
			);
			dependencies = (
				C80A1EE42AF7C679005315CA /* PBXTargetDependency */,
			);
			name = GitHubTests;
			productName = GitHubTests;
			productReference = C80A1EE22AF7C679005315CA /* GitHubTests.xctest */;
			productType = "com.apple.product-type.bundle.unit-test";
		};
		C80A1EEB2AF7C679005315CA /* GitHubUITests */ = {
			isa = PBXNativeTarget;
			buildConfigurationList = C80A1EFC2AF7C679005315CA /* Build configuration list for PBXNativeTarget "GitHubUITests" */;
			buildPhases = (
				C80A1EE82AF7C679005315CA /* Sources */,
				C80A1EE92AF7C679005315CA /* Frameworks */,
				C80A1EEA2AF7C679005315CA /* Resources */,
			);
			buildRules = (
			);
			dependencies = (
				C80A1EEE2AF7C679005315CA /* PBXTargetDependency */,
			);
			name = GitHubUITests;
			productName = GitHubUITests;
			productReference = C80A1EEC2AF7C679005315CA /* GitHubUITests.xctest */;
			productType = "com.apple.product-type.bundle.ui-testing";
		};
/* End PBXNativeTarget section */

/* Begin PBXProject section */
		C80A1EC12AF7C679005315CA /* Project object */ = {
			isa = PBXProject;
			attributes = {
				BuildIndependentTargetsInParallel = 1;
				LastSwiftUpdateCheck = 1430;
				LastUpgradeCheck = 1430;
				TargetAttributes = {
					C80A1EC82AF7C679005315CA = {
						CreatedOnToolsVersion = 14.3.1;
					};
					C80A1EE12AF7C679005315CA = {
						CreatedOnToolsVersion = 14.3.1;
						TestTargetID = C80A1EC82AF7C679005315CA;
					};
					C80A1EEB2AF7C679005315CA = {
						CreatedOnToolsVersion = 14.3.1;
						TestTargetID = C80A1EC82AF7C679005315CA;
					};
				};
			};
			buildConfigurationList = C80A1EC42AF7C679005315CA /* Build configuration list for PBXProject "GitHub" */;
			compatibilityVersion = "Xcode 14.0";
			developmentRegion = en;
			hasScannedForEncodings = 0;
			knownRegions = (
				en,
				Base,
			);
			mainGroup = C80A1EC02AF7C679005315CA;
			productRefGroup = C80A1ECA2AF7C679005315CA /* Products */;
			projectDirPath = "";
			projectRoot = "";
			targets = (
				C80A1EC82AF7C679005315CA /* GitHub */,
				C80A1EE12AF7C679005315CA /* GitHubTests */,
				C80A1EEB2AF7C679005315CA /* GitHubUITests */,
			);
		};
/* End PBXProject section */

/* Begin PBXResourcesBuildPhase section */
		C80A1EC72AF7C679005315CA /* Resources */ = {
			isa = PBXResourcesBuildPhase;
			buildActionMask = 2147483647;
			files = (
				C80A1EDC2AF7C679005315CA /* LaunchScreen.storyboard in Resources */,
				C80A1ED92AF7C679005315CA /* Assets.xcassets in Resources */,
				C80A1ED42AF7C679005315CA /* Main.storyboard in Resources */,
			);
			runOnlyForDeploymentPostprocessing = 0;
		};
		C80A1EE02AF7C679005315CA /* Resources */ = {
			isa = PBXResourcesBuildPhase;
			buildActionMask = 2147483647;
			files = (
			);
			runOnlyForDeploymentPostprocessing = 0;
		};
		C80A1EEA2AF7C679005315CA /* Resources */ = {
			isa = PBXResourcesBuildPhase;
			buildActionMask = 2147483647;
			files = (
			);
			runOnlyForDeploymentPostprocessing = 0;
		};
/* End PBXResourcesBuildPhase section */

/* Begin PBXSourcesBuildPhase section */
		C80A1EC52AF7C679005315CA /* Sources */ = {
			isa = PBXSourcesBuildPhase;
			buildActionMask = 2147483647;
			files = (
				C80A1ED12AF7C679005315CA /* ViewController.swift in Sources */,
				C80A1ECD2AF7C679005315CA /* AppDelegate.swift in Sources */,
				C80A1ED72AF7C679005315CA /* GitHub.xcdatamodeld in Sources */,
				C80A1ECF2AF7C679005315CA /* SceneDelegate.swift in Sources */,
			);
			runOnlyForDeploymentPostprocessing = 0;
		};
		C80A1EDE2AF7C679005315CA /* Sources */ = {
			isa = PBXSourcesBuildPhase;
			buildActionMask = 2147483647;
			files = (
				C80A1EE72AF7C679005315CA /* GitHubTests.swift in Sources */,
			);
			runOnlyForDeploymentPostprocessing = 0;
		};
		C80A1EE82AF7C679005315CA /* Sources */ = {
			isa = PBXSourcesBuildPhase;
			buildActionMask = 2147483647;
			files = (
				C80A1EF12AF7C679005315CA /* GitHubUITests.swift in Sources */,
				C80A1EF32AF7C679005315CA /* GitHubUITestsLaunchTests.swift in Sources */,
			);
			runOnlyForDeploymentPostprocessing = 0;
		};
/* End PBXSourcesBuildPhase section */

/* Begin PBXTargetDependency section */
		C80A1EE42AF7C679005315CA /* PBXTargetDependency */ = {
			isa = PBXTargetDependency;
			target = C80A1EC82AF7C679005315CA /* GitHub */;
			targetProxy = C80A1EE32AF7C679005315CA /* PBXContainerItemProxy */;
		};
		C80A1EEE2AF7C679005315CA /* PBXTargetDependency */ = {
			isa = PBXTargetDependency;
			target = C80A1EC82AF7C679005315CA /* GitHub */;
			targetProxy = C80A1EED2AF7C679005315CA /* PBXContainerItemProxy */;
		};
/* End PBXTargetDependency section */

/* Begin PBXVariantGroup section */
		C80A1ED22AF7C679005315CA /* Main.storyboard */ = {
			isa = PBXVariantGroup;
			children = (
				C80A1ED32AF7C679005315CA /* Base */,
			);
			name = Main.storyboard;
			sourceTree = "<group>";
		};
		C80A1EDA2AF7C679005315CA /* LaunchScreen.storyboard */ = {
			isa = PBXVariantGroup;
			children = (
				C80A1EDB2AF7C679005315CA /* Base */,
			);
			name = LaunchScreen.storyboard;
			sourceTree = "<group>";
		};
/* End PBXVariantGroup section */

/* Begin XCBuildConfiguration section */
		C80A1EF42AF7C679005315CA /* Debug */ = {
			isa = XCBuildConfiguration;
			buildSettings = {
				ALWAYS_SEARCH_USER_PATHS = NO;
				CLANG_ANALYZER_NONNULL = YES;
				CLANG_ANALYZER_NUMBER_OBJECT_CONVERSION = YES_AGGRESSIVE;
				CLANG_CXX_LANGUAGE_STANDARD = "gnu++20";
				CLANG_ENABLE_MODULES = YES;
				CLANG_ENABLE_OBJC_ARC = YES;
				CLANG_ENABLE_OBJC_WEAK = YES;
				CLANG_WARN_BLOCK_CAPTURE_AUTORELEASING = YES;
				CLANG_WARN_BOOL_CONVERSION = YES;
				CLANG_WARN_COMMA = YES;
				CLANG_WARN_CONSTANT_CONVERSION = YES;
				CLANG_WARN_DEPRECATED_OBJC_IMPLEMENTATIONS = YES;
				CLANG_WARN_DIRECT_OBJC_ISA_USAGE = YES_ERROR;
				CLANG_WARN_DOCUMENTATION_COMMENTS = YES;
				CLANG_WARN_EMPTY_BODY = YES;
				CLANG_WARN_ENUM_CONVERSION = YES;
				CLANG_WARN_INFINITE_RECURSION = YES;
				CLANG_WARN_INT_CONVERSION = YES;
				CLANG_WARN_NON_LITERAL_NULL_CONVERSION = YES;
				CLANG_WARN_OBJC_IMPLICIT_RETAIN_SELF = YES;
				CLANG_WARN_OBJC_LITERAL_CONVERSION = YES;
				CLANG_WARN_OBJC_ROOT_CLASS = YES_ERROR;
				CLANG_WARN_QUOTED_INCLUDE_IN_FRAMEWORK_HEADER = YES;
				CLANG_WARN_RANGE_LOOP_ANALYSIS = YES;
				CLANG_WARN_STRICT_PROTOTYPES = YES;
				CLANG_WARN_SUSPICIOUS_MOVE = YES;
				CLANG_WARN_UNGUARDED_AVAILABILITY = YES_AGGRESSIVE;
				CLANG_WARN_UNREACHABLE_CODE = YES;
				CLANG_WARN__DUPLICATE_METHOD_MATCH = YES;
				COPY_PHASE_STRIP = NO;
				DEBUG_INFORMATION_FORMAT = dwarf;
				ENABLE_STRICT_OBJC_MSGSEND = YES;
				ENABLE_TESTABILITY = YES;
				GCC_C_LANGUAGE_STANDARD = gnu11;
				GCC_DYNAMIC_NO_PIC = NO;
				GCC_NO_COMMON_BLOCKS = YES;
				GCC_OPTIMIZATION_LEVEL = 0;
				GCC_PREPROCESSOR_DEFINITIONS = (
					"DEBUG=1",
					"$(inherited)",
				);
				GCC_WARN_64_TO_32_BIT_CONVERSION = YES;
				GCC_WARN_ABOUT_RETURN_TYPE = YES_ERROR;
				GCC_WARN_UNDECLARED_SELECTOR = YES;
				GCC_WARN_UNINITIALIZED_AUTOS = YES_AGGRESSIVE;
				GCC_WARN_UNUSED_FUNCTION = YES;
				GCC_WARN_UNUSED_VARIABLE = YES;
				IPHONEOS_DEPLOYMENT_TARGET = 16.4;
				MTL_ENABLE_DEBUG_INFO = INCLUDE_SOURCE;
				MTL_FAST_MATH = YES;
				ONLY_ACTIVE_ARCH = YES;
				SDKROOT = iphoneos;
				SWIFT_ACTIVE_COMPILATION_CONDITIONS = DEBUG;
				SWIFT_OPTIMIZATION_LEVEL = "-Onone";
			};
			name = Debug;
		};
		C80A1EF52AF7C679005315CA /* Release */ = {
			isa = XCBuildConfiguration;
			buildSettings = {
				ALWAYS_SEARCH_USER_PATHS = NO;
				CLANG_ANALYZER_NONNULL = YES;
				CLANG_ANALYZER_NUMBER_OBJECT_CONVERSION = YES_AGGRESSIVE;
				CLANG_CXX_LANGUAGE_STANDARD = "gnu++20";
				CLANG_ENABLE_MODULES = YES;
				CLANG_ENABLE_OBJC_ARC = YES;
				CLANG_ENABLE_OBJC_WEAK = YES;
				CLANG_WARN_BLOCK_CAPTURE_AUTORELEASING = YES;
				CLANG_WARN_BOOL_CONVERSION = YES;
				CLANG_WARN_COMMA = YES;
				CLANG_WARN_CONSTANT_CONVERSION = YES;
				CLANG_WARN_DEPRECATED_OBJC_IMPLEMENTATIONS = YES;
				CLANG_WARN_DIRECT_OBJC_ISA_USAGE = YES_ERROR;
				CLANG_WARN_DOCUMENTATION_COMMENTS = YES;
				CLANG_WARN_EMPTY_BODY = YES;
				CLANG_WARN_ENUM_CONVERSION = YES;
				CLANG_WARN_INFINITE_RECURSION = YES;
				CLANG_WARN_INT_CONVERSION = YES;
				CLANG_WARN_NON_LITERAL_NULL_CONVERSION = YES;
				CLANG_WARN_OBJC_IMPLICIT_RETAIN_SELF = YES;
				CLANG_WARN_OBJC_LITERAL_CONVERSION = YES;
				CLANG_WARN_OBJC_ROOT_CLASS = YES_ERROR;
				CLANG_WARN_QUOTED_INCLUDE_IN_FRAMEWORK_HEADER = YES;
				CLANG_WARN_RANGE_LOOP_ANALYSIS = YES;
				CLANG_WARN_STRICT_PROTOTYPES = YES;
				CLANG_WARN_SUSPICIOUS_MOVE = YES;
				CLANG_WARN_UNGUARDED_AVAILABILITY = YES_AGGRESSIVE;
				CLANG_WARN_UNREACHABLE_CODE = YES;
				CLANG_WARN__DUPLICATE_METHOD_MATCH = YES;
				COPY_PHASE_STRIP = NO;
				DEBUG_INFORMATION_FORMAT = "dwarf-with-dsym";
				ENABLE_NS_ASSERTIONS = NO;
				ENABLE_STRICT_OBJC_MSGSEND = YES;
				GCC_C_LANGUAGE_STANDARD = gnu11;
				GCC_NO_COMMON_BLOCKS = YES;
				GCC_WARN_64_TO_32_BIT_CONVERSION = YES;
				GCC_WARN_ABOUT_RETURN_TYPE = YES_ERROR;
				GCC_WARN_UNDECLARED_SELECTOR = YES;
				GCC_WARN_UNINITIALIZED_AUTOS = YES_AGGRESSIVE;
				GCC_WARN_UNUSED_FUNCTION = YES;
				GCC_WARN_UNUSED_VARIABLE = YES;
				IPHONEOS_DEPLOYMENT_TARGET = 16.4;
				MTL_ENABLE_DEBUG_INFO = NO;
				MTL_FAST_MATH = YES;
				SDKROOT = iphoneos;
				SWIFT_COMPILATION_MODE = wholemodule;
				SWIFT_OPTIMIZATION_LEVEL = "-O";
				VALIDATE_PRODUCT = YES;
			};
			name = Release;
		};
		C80A1EF72AF7C679005315CA /* Debug */ = {
			isa = XCBuildConfiguration;
			buildSettings = {
				ASSETCATALOG_COMPILER_APPICON_NAME = AppIcon;
				ASSETCATALOG_COMPILER_GLOBAL_ACCENT_COLOR_NAME = AccentColor;
				CODE_SIGN_STYLE = Automatic;
				CURRENT_PROJECT_VERSION = 1;
				DEVELOPMENT_TEAM = DW8TYMM7W4;
				GENERATE_INFOPLIST_FILE = YES;
				INFOPLIST_FILE = GitHub/Info.plist;
				INFOPLIST_KEY_UIApplicationSupportsIndirectInputEvents = YES;
				INFOPLIST_KEY_UILaunchStoryboardName = LaunchScreen;
				INFOPLIST_KEY_UIMainStoryboardFile = Main;
				INFOPLIST_KEY_UISupportedInterfaceOrientations_iPad = "UIInterfaceOrientationPortrait UIInterfaceOrientationPortraitUpsideDown UIInterfaceOrientationLandscapeLeft UIInterfaceOrientationLandscapeRight";
				INFOPLIST_KEY_UISupportedInterfaceOrientations_iPhone = "UIInterfaceOrientationPortrait UIInterfaceOrientationLandscapeLeft UIInterfaceOrientationLandscapeRight";
				LD_RUNPATH_SEARCH_PATHS = (
					"$(inherited)",
					"@executable_path/Frameworks",
				);
				MARKETING_VERSION = 1.0;
				PRODUCT_BUNDLE_IDENTIFIER = noname.GitHub;
				PRODUCT_NAME = "$(TARGET_NAME)";
				SWIFT_EMIT_LOC_STRINGS = YES;
				SWIFT_VERSION = 5.0;
				TARGETED_DEVICE_FAMILY = "1,2";
			};
			name = Debug;
		};
		C80A1EF82AF7C679005315CA /* Release */ = {
			isa = XCBuildConfiguration;
			buildSettings = {
				ASSETCATALOG_COMPILER_APPICON_NAME = AppIcon;
				ASSETCATALOG_COMPILER_GLOBAL_ACCENT_COLOR_NAME = AccentColor;
				CODE_SIGN_STYLE = Automatic;
				CURRENT_PROJECT_VERSION = 1;
				DEVELOPMENT_TEAM = DW8TYMM7W4;
				GENERATE_INFOPLIST_FILE = YES;
				INFOPLIST_FILE = GitHub/Info.plist;
				INFOPLIST_KEY_UIApplicationSupportsIndirectInputEvents = YES;
				INFOPLIST_KEY_UILaunchStoryboardName = LaunchScreen;
				INFOPLIST_KEY_UIMainStoryboardFile = Main;
				INFOPLIST_KEY_UISupportedInterfaceOrientations_iPad = "UIInterfaceOrientationPortrait UIInterfaceOrientationPortraitUpsideDown UIInterfaceOrientationLandscapeLeft UIInterfaceOrientationLandscapeRight";
				INFOPLIST_KEY_UISupportedInterfaceOrientations_iPhone = "UIInterfaceOrientationPortrait UIInterfaceOrientationLandscapeLeft UIInterfaceOrientationLandscapeRight";
				LD_RUNPATH_SEARCH_PATHS = (
					"$(inherited)",
					"@executable_path/Frameworks",
				);
				MARKETING_VERSION = 1.0;
				PRODUCT_BUNDLE_IDENTIFIER = noname.GitHub;
				PRODUCT_NAME = "$(TARGET_NAME)";
				SWIFT_EMIT_LOC_STRINGS = YES;
				SWIFT_VERSION = 5.0;
				TARGETED_DEVICE_FAMILY = "1,2";
			};
			name = Release;
		};
		C80A1EFA2AF7C679005315CA /* Debug */ = {
			isa = XCBuildConfiguration;
			buildSettings = {
				ALWAYS_EMBED_SWIFT_STANDARD_LIBRARIES = YES;
				BUNDLE_LOADER = "$(TEST_HOST)";
				CODE_SIGN_STYLE = Automatic;
				CURRENT_PROJECT_VERSION = 1;
				DEVELOPMENT_TEAM = DW8TYMM7W4;
				GENERATE_INFOPLIST_FILE = YES;
				IPHONEOS_DEPLOYMENT_TARGET = 16.4;
				MARKETING_VERSION = 1.0;
				PRODUCT_BUNDLE_IDENTIFIER = noname.GitHubTests;
				PRODUCT_NAME = "$(TARGET_NAME)";
				SWIFT_EMIT_LOC_STRINGS = NO;
				SWIFT_VERSION = 5.0;
				TARGETED_DEVICE_FAMILY = "1,2";
				TEST_HOST = "$(BUILT_PRODUCTS_DIR)/GitHub.app/$(BUNDLE_EXECUTABLE_FOLDER_PATH)/GitHub";
			};
			name = Debug;
		};
		C80A1EFB2AF7C679005315CA /* Release */ = {
			isa = XCBuildConfiguration;
			buildSettings = {
				ALWAYS_EMBED_SWIFT_STANDARD_LIBRARIES = YES;
				BUNDLE_LOADER = "$(TEST_HOST)";
				CODE_SIGN_STYLE = Automatic;
				CURRENT_PROJECT_VERSION = 1;
				DEVELOPMENT_TEAM = DW8TYMM7W4;
				GENERATE_INFOPLIST_FILE = YES;
				IPHONEOS_DEPLOYMENT_TARGET = 16.4;
				MARKETING_VERSION = 1.0;
				PRODUCT_BUNDLE_IDENTIFIER = noname.GitHubTests;
				PRODUCT_NAME = "$(TARGET_NAME)";
				SWIFT_EMIT_LOC_STRINGS = NO;
				SWIFT_VERSION = 5.0;
				TARGETED_DEVICE_FAMILY = "1,2";
				TEST_HOST = "$(BUILT_PRODUCTS_DIR)/GitHub.app/$(BUNDLE_EXECUTABLE_FOLDER_PATH)/GitHub";
			};
			name = Release;
		};
		C80A1EFD2AF7C679005315CA /* Debug */ = {
			isa = XCBuildConfiguration;
			buildSettings = {
				ALWAYS_EMBED_SWIFT_STANDARD_LIBRARIES = YES;
				CODE_SIGN_STYLE = Automatic;
				CURRENT_PROJECT_VERSION = 1;
				DEVELOPMENT_TEAM = DW8TYMM7W4;
				GENERATE_INFOPLIST_FILE = YES;
				MARKETING_VERSION = 1.0;
				PRODUCT_BUNDLE_IDENTIFIER = noname.GitHubUITests;
				PRODUCT_NAME = "$(TARGET_NAME)";
				SWIFT_EMIT_LOC_STRINGS = NO;
				SWIFT_VERSION = 5.0;
				TARGETED_DEVICE_FAMILY = "1,2";
				TEST_TARGET_NAME = GitHub;
			};
			name = Debug;
		};
		C80A1EFE2AF7C679005315CA /* Release */ = {
			isa = XCBuildConfiguration;
			buildSettings = {
				ALWAYS_EMBED_SWIFT_STANDARD_LIBRARIES = YES;
				CODE_SIGN_STYLE = Automatic;
				CURRENT_PROJECT_VERSION = 1;
				DEVELOPMENT_TEAM = DW8TYMM7W4;
				GENERATE_INFOPLIST_FILE = YES;
				MARKETING_VERSION = 1.0;
				PRODUCT_BUNDLE_IDENTIFIER = noname.GitHubUITests;
				PRODUCT_NAME = "$(TARGET_NAME)";
				SWIFT_EMIT_LOC_STRINGS = NO;
				SWIFT_VERSION = 5.0;
				TARGETED_DEVICE_FAMILY = "1,2";
				TEST_TARGET_NAME = GitHub;
			};
			name = Release;
		};
/* End XCBuildConfiguration section */

/* Begin XCConfigurationList section */
		C80A1EC42AF7C679005315CA /* Build configuration list for PBXProject "GitHub" */ = {
			isa = XCConfigurationList;
			buildConfigurations = (
				C80A1EF42AF7C679005315CA /* Debug */,
				C80A1EF52AF7C679005315CA /* Release */,
			);
			defaultConfigurationIsVisible = 0;
			defaultConfigurationName = Release;
		};
		C80A1EF62AF7C679005315CA /* Build configuration list for PBXNativeTarget "GitHub" */ = {
			isa = XCConfigurationList;
			buildConfigurations = (
				C80A1EF72AF7C679005315CA /* Debug */,
				C80A1EF82AF7C679005315CA /* Release */,
			);
			defaultConfigurationIsVisible = 0;
			defaultConfigurationName = Release;
		};
		C80A1EF92AF7C679005315CA /* Build configuration list for PBXNativeTarget "GitHubTests" */ = {
			isa = XCConfigurationList;
			buildConfigurations = (
				C80A1EFA2AF7C679005315CA /* Debug */,
				C80A1EFB2AF7C679005315CA /* Release */,
			);
			defaultConfigurationIsVisible = 0;
			defaultConfigurationName = Release;
		};
		C80A1EFC2AF7C679005315CA /* Build configuration list for PBXNativeTarget "GitHubUITests" */ = {
			isa = XCConfigurationList;
			buildConfigurations = (
				C80A1EFD2AF7C679005315CA /* Debug */,
				C80A1EFE2AF7C679005315CA /* Release */,
			);
			defaultConfigurationIsVisible = 0;
			defaultConfigurationName = Release;
		};
/* End XCConfigurationList section */

/* Begin XCVersionGroup section */
		C80A1ED52AF7C679005315CA /* GitHub.xcdatamodeld */ = {
			isa = XCVersionGroup;
			children = (
				C80A1ED62AF7C679005315CA /* GitHub.xcdatamodel */,
			);
			currentVersion = C80A1ED62AF7C679005315CA /* GitHub.xcdatamodel */;
			path = GitHub.xcdatamodeld;
			sourceTree = "<group>";
			versionGroupType = wrapper.xcdatamodel;
		};
/* End XCVersionGroup section */
	};
	rootObject = C80A1EC12AF7C679005315CA /* Project object */;
}
